
Microsoft Visual Studio Solution File, Format Version 12.00
# Visual Studio Version 17
VisualStudioVersion = 17.11.35222.181
MinimumVisualStudioVersion = 10.0.40219.1
Project("{FAE04EC0-301F-11D3-BF4B-00C04F79EFBC}") = "csharp_ASCII_art_maker", "csharp_ACII_art_maker\csharp_ASCII_art_maker.csproj", "{C46F4CE9-C4E7-4EF8-BFF3-02881ABE3C9B}"
EndProject
Global
	GlobalSection(SolutionConfigurationPlatforms) = preSolution
		Debug|Any CPU = Debug|Any CPU
		Release|Any CPU = Release|Any CPU
	EndGlobalSection
	GlobalSection(ProjectConfigurationPlatforms) = postSolution
		{C46F4CE9-C4E7-4EF8-BFF3-02881ABE3C9B}.Debug|Any CPU.ActiveCfg = Debug|Any CPU
		{C46F4CE9-C4E7-4EF8-BFF3-02881ABE3C9B}.Debug|Any CPU.Build.0 = Debug|Any CPU
		{C46F4CE9-C4E7-4EF8-BFF3-02881ABE3C9B}.Release|Any CPU.ActiveCfg = Release|Any CPU
		{C46F4CE9-C4E7-4EF8-BFF3-02881ABE3C9B}.Release|Any CPU.Build.0 = Release|Any CPU
	EndGlobalSection
	GlobalSection(SolutionProperties) = preSolution
		HideSolutionNode = FALSE
	EndGlobalSection
	GlobalSection(ExtensibilityGlobals) = postSolution
		SolutionGuid = {4835278E-C6F4-4044-9A6B-B851B7B3AFC1}
	EndGlobalSection
EndGlobal
